
Microsoft Visual Studio Solution File, Format Version 12.00
# Visual Studio 14
VisualStudioVersion = 14.0.24720.0
MinimumVisualStudioVersion = 10.0.40219.1
Project("{FAE04EC0-301F-11D3-BF4B-00C04F79EFBC}") = "Edu.Core", "Src\Edu.Core\Edu.Core.csproj", "{023C4D78-4BD2-48F2-B320-9AEDBFE1F6FA}"
EndProject
Project("{FAE04EC0-301F-11D3-BF4B-00C04F79EFBC}") = "Edu.Infrastructure", "Src\Edu.Infrastructure\Edu.Infrastructure.csproj", "{4412F1A9-5B8D-4697-AE1B-C2F4E81FF946}"
EndProject
Project("{2150E333-8FDC-42A3-9474-1A3956D46DE8}") = "2.Core", "2.Core", "{E6C5526E-7124-42FC-9D1F-13A3A753EFDE}"
EndProject
Project("{2150E333-8FDC-42A3-9474-1A3956D46DE8}") = "3.Infrastructure", "3.Infrastructure", "{F78F495F-BE37-4706-A37F-6CAA3DDE2FD5}"
EndProject
Project("{2150E333-8FDC-42A3-9474-1A3956D46DE8}") = "4.Bussiness", "4.Bussiness", "{3B4BB704-9F89-4F76-88DF-A77FE23CA003}"
EndProject
Project("{2150E333-8FDC-42A3-9474-1A3956D46DE8}") = "5.Web", "5.Web", "{CD6BEE09-4488-4FBF-B1CB-6F1FE6D0CE42}"
EndProject
Project("{FAE04EC0-301F-11D3-BF4B-00C04F79EFBC}") = "Edu.Controller", "Src\Edu.Controller\Edu.Controller.csproj", "{7612AB82-4339-4825-B81C-621D503B0356}"
EndProject
Project("{FAE04EC0-301F-11D3-BF4B-00C04F79EFBC}") = "Edu.Repository", "Src\Edu.Repository\Edu.Repository.csproj", "{2C88D69A-D60E-45D1-A278-712364C42B70}"
EndProject
Project("{2150E333-8FDC-42A3-9474-1A3956D46DE8}") = "6.Test", "6.Test", "{91B70CC3-544F-4F3E-B486-5B16A80B23EB}"
EndProject
Project("{FAE04EC0-301F-11D3-BF4B-00C04F79EFBC}") = "Edu.Web", "Src\Edu.Web\Edu.Web.csproj", "{DF580358-9DF1-40BA-826C-4BE1D87B27A8}"
EndProject
Project("{FAE04EC0-301F-11D3-BF4B-00C04F79EFBC}") = "Edu.Services", "Src\Edu.Services\Edu.Services.csproj", "{B093C3E4-C720-41F8-963E-08765B750904}"
EndProject
Project("{FAE04EC0-301F-11D3-BF4B-00C04F79EFBC}") = "Edu.Test", "Test\Edu.Test\Edu.Test.csproj", "{A95A5D6B-3286-40DF-ABFF-D6690AECBFE5}"
EndProject
Project("{FAE04EC0-301F-11D3-BF4B-00C04F79EFBC}") = "Edu.Model", "Src\Edu.Model\Edu.Model.csproj", "{5ECE9A32-DED4-4778-8ED4-094960F244E8}"
EndProject
Project("{2150E333-8FDC-42A3-9474-1A3956D46DE8}") = "1.Model", "1.Model", "{3DA7D7EE-A4C8-44AE-A25A-F75C3A05D00F}"
EndProject
Global
	GlobalSection(SolutionConfigurationPlatforms) = preSolution
		Debug|Any CPU = Debug|Any CPU
		Release|Any CPU = Release|Any CPU
	EndGlobalSection
	GlobalSection(ProjectConfigurationPlatforms) = postSolution
		{023C4D78-4BD2-48F2-B320-9AEDBFE1F6FA}.Debug|Any CPU.ActiveCfg = Debug|Any CPU
		{023C4D78-4BD2-48F2-B320-9AEDBFE1F6FA}.Debug|Any CPU.Build.0 = Debug|Any CPU
		{023C4D78-4BD2-48F2-B320-9AEDBFE1F6FA}.Release|Any CPU.ActiveCfg = Release|Any CPU
		{023C4D78-4BD2-48F2-B320-9AEDBFE1F6FA}.Release|Any CPU.Build.0 = Release|Any CPU
		{4412F1A9-5B8D-4697-AE1B-C2F4E81FF946}.Debug|Any CPU.ActiveCfg = Debug|Any CPU
		{4412F1A9-5B8D-4697-AE1B-C2F4E81FF946}.Debug|Any CPU.Build.0 = Debug|Any CPU
		{4412F1A9-5B8D-4697-AE1B-C2F4E81FF946}.Release|Any CPU.ActiveCfg = Release|Any CPU
		{4412F1A9-5B8D-4697-AE1B-C2F4E81FF946}.Release|Any CPU.Build.0 = Release|Any CPU
		{7612AB82-4339-4825-B81C-621D503B0356}.Debug|Any CPU.ActiveCfg = Debug|Any CPU
		{7612AB82-4339-4825-B81C-621D503B0356}.Debug|Any CPU.Build.0 = Debug|Any CPU
		{7612AB82-4339-4825-B81C-621D503B0356}.Release|Any CPU.ActiveCfg = Release|Any CPU
		{7612AB82-4339-4825-B81C-621D503B0356}.Release|Any CPU.Build.0 = Release|Any CPU
		{2C88D69A-D60E-45D1-A278-712364C42B70}.Debug|Any CPU.ActiveCfg = Debug|Any CPU
		{2C88D69A-D60E-45D1-A278-712364C42B70}.Debug|Any CPU.Build.0 = Debug|Any CPU
		{2C88D69A-D60E-45D1-A278-712364C42B70}.Release|Any CPU.ActiveCfg = Release|Any CPU
		{2C88D69A-D60E-45D1-A278-712364C42B70}.Release|Any CPU.Build.0 = Release|Any CPU
		{DF580358-9DF1-40BA-826C-4BE1D87B27A8}.Debug|Any CPU.ActiveCfg = Debug|Any CPU
		{DF580358-9DF1-40BA-826C-4BE1D87B27A8}.Debug|Any CPU.Build.0 = Debug|Any CPU
		{DF580358-9DF1-40BA-826C-4BE1D87B27A8}.Release|Any CPU.ActiveCfg = Release|Any CPU
		{DF580358-9DF1-40BA-826C-4BE1D87B27A8}.Release|Any CPU.Build.0 = Release|Any CPU
		{B093C3E4-C720-41F8-963E-08765B750904}.Debug|Any CPU.ActiveCfg = Debug|Any CPU
		{B093C3E4-C720-41F8-963E-08765B750904}.Debug|Any CPU.Build.0 = Debug|Any CPU
		{B093C3E4-C720-41F8-963E-08765B750904}.Release|Any CPU.ActiveCfg = Release|Any CPU
		{B093C3E4-C720-41F8-963E-08765B750904}.Release|Any CPU.Build.0 = Release|Any CPU
		{A95A5D6B-3286-40DF-ABFF-D6690AECBFE5}.Debug|Any CPU.ActiveCfg = Debug|Any CPU
		{A95A5D6B-3286-40DF-ABFF-D6690AECBFE5}.Debug|Any CPU.Build.0 = Debug|Any CPU
		{A95A5D6B-3286-40DF-ABFF-D6690AECBFE5}.Release|Any CPU.ActiveCfg = Release|Any CPU
		{A95A5D6B-3286-40DF-ABFF-D6690AECBFE5}.Release|Any CPU.Build.0 = Release|Any CPU
		{5ECE9A32-DED4-4778-8ED4-094960F244E8}.Debug|Any CPU.ActiveCfg = Debug|Any CPU
		{5ECE9A32-DED4-4778-8ED4-094960F244E8}.Debug|Any CPU.Build.0 = Debug|Any CPU
		{5ECE9A32-DED4-4778-8ED4-094960F244E8}.Release|Any CPU.ActiveCfg = Release|Any CPU
		{5ECE9A32-DED4-4778-8ED4-094960F244E8}.Release|Any CPU.Build.0 = Release|Any CPU
	EndGlobalSection
	GlobalSection(SolutionProperties) = preSolution
		HideSolutionNode = FALSE
	EndGlobalSection
	GlobalSection(NestedProjects) = preSolution
		{023C4D78-4BD2-48F2-B320-9AEDBFE1F6FA} = {E6C5526E-7124-42FC-9D1F-13A3A753EFDE}
		{4412F1A9-5B8D-4697-AE1B-C2F4E81FF946} = {F78F495F-BE37-4706-A37F-6CAA3DDE2FD5}
		{7612AB82-4339-4825-B81C-621D503B0356} = {3B4BB704-9F89-4F76-88DF-A77FE23CA003}
		{2C88D69A-D60E-45D1-A278-712364C42B70} = {F78F495F-BE37-4706-A37F-6CAA3DDE2FD5}
		{DF580358-9DF1-40BA-826C-4BE1D87B27A8} = {CD6BEE09-4488-4FBF-B1CB-6F1FE6D0CE42}
		{B093C3E4-C720-41F8-963E-08765B750904} = {F78F495F-BE37-4706-A37F-6CAA3DDE2FD5}
		{A95A5D6B-3286-40DF-ABFF-D6690AECBFE5} = {91B70CC3-544F-4F3E-B486-5B16A80B23EB}
		{5ECE9A32-DED4-4778-8ED4-094960F244E8} = {3DA7D7EE-A4C8-44AE-A25A-F75C3A05D00F}
	EndGlobalSection
EndGlobal
